
Microsoft Visual Studio Solution File, Format Version 12.00
# Visual Studio Version 16
VisualStudioVersion = 16.0.30717.126
MinimumVisualStudioVersion = 10.0.40219.1
Project("{FAE04EC0-301F-11D3-BF4B-00C04F79EFBC}") = "PruebaProyectoCS", "PruebaProyectoCS\PruebaProyectoCS.csproj", "{38D292BC-DB0D-47C8-89B9-31D2D1909BFB}"
EndProject
Global
	GlobalSection(SolutionConfigurationPlatforms) = preSolution
		Debug|Any CPU = Debug|Any CPU
		Release|Any CPU = Release|Any CPU
	EndGlobalSection
	GlobalSection(ProjectConfigurationPlatforms) = postSolution
		{38D292BC-DB0D-47C8-89B9-31D2D1909BFB}.Debug|Any CPU.ActiveCfg = Debug|Any CPU
		{38D292BC-DB0D-47C8-89B9-31D2D1909BFB}.Debug|Any CPU.Build.0 = Debug|Any CPU
		{38D292BC-DB0D-47C8-89B9-31D2D1909BFB}.Release|Any CPU.ActiveCfg = Release|Any CPU
		{38D292BC-DB0D-47C8-89B9-31D2D1909BFB}.Release|Any CPU.Build.0 = Release|Any CPU
	EndGlobalSection
	GlobalSection(SolutionProperties) = preSolution
		HideSolutionNode = FALSE
	EndGlobalSection
	GlobalSection(ExtensibilityGlobals) = postSolution
		SolutionGuid = {58A5C82A-DC9F-4322-A961-1E68614C9040}
	EndGlobalSection
EndGlobal
